{
  "nodes": {
    "SDL2-win32": {
      "inputs": {
        "SDL2_src": "SDL2_src",
        "nixpkgs": [
          "nixpkgs"
        ],
        "tinycmmc": [
          "tinycmmc"
        ]
      },
      "locked": {
        "lastModified": 1712097214,
        "narHash": "sha256-lXu+tuvZw8WnbNHMHzCMeSE93fLQEhSz+xLWkaJ1cCA=",
        "owner": "grumnix",
        "repo": "SDL2-win32",
        "rev": "123c65858c5259437469a06f20cec5944ea4bb4b",
        "type": "github"
      },
      "original": {
        "owner": "grumnix",
        "repo": "SDL2-win32",
        "type": "github"
      }
    },
    "SDL2_src": {
      "flake": false,
      "locked": {
        "lastModified": 1650910413,
        "narHash": "sha256-7F8KGZaY6R7tzv/+0gNNm1FvDyrY4Z4PPuzYu+3pvNM=",
        "type": "tarball",
        "url": "https://libsdl.org/release/SDL2-devel-2.0.22-mingw.tar.gz"
      },
      "original": {
        "type": "tarball",
        "url": "https://libsdl.org/release/SDL2-devel-2.0.22-mingw.tar.gz"
      }
    },
    "babyxml": {
      "inputs": {
        "nixpkgs": [
          "nixpkgs"
        ],
        "tinycmmc": [
          "tinycmmc"
        ]
      },
      "locked": {
        "lastModified": 1716728957,
        "narHash": "sha256-O1jH5VZ//92nW+HwtoXoen3PR2/QvMwLiOq8ex0Qnhw=",
        "owner": "grumbel",
        "repo": "babyxml",
        "rev": "8ab2b3f3a33c654097226e4c243e5f49b48e7e71",
        "type": "github"
      },
      "original": {
        "owner": "grumbel",
        "repo": "babyxml",
        "type": "github"
      }
    },
    "flake-utils": {
      "inputs": {
        "systems": "systems"
      },
      "locked": {
        "lastModified": 1701680307,
        "narHash": "sha256-kAuep2h5ajznlPMD9rnQyffWG8EM/C73lejGofXvdM8=",
        "owner": "numtide",
        "repo": "flake-utils",
        "rev": "4022d587cbbfd70fe950c1e2083a02621806a725",
        "type": "github"
      },
      "original": {
        "owner": "numtide",
        "repo": "flake-utils",
        "type": "github"
      }
    },
    "freetype-win32": {
      "inputs": {
        "freetype_src": "freetype_src",
        "nixpkgs": [
          "nixpkgs"
        ],
        "tinycmmc": [
          "tinycmmc"
        ]
      },
      "locked": {
        "lastModified": 1712097214,
        "narHash": "sha256-5MQUyK6OSQtLpm1xcgu1fc1ASRxnsuh+MFo2i2Bt5xs=",
        "owner": "grumnix",
        "repo": "freetype-win32",
        "rev": "6ba76d185914748f4d462abf603b3b2425c7929e",
        "type": "github"
      },
      "original": {
        "owner": "grumnix",
        "repo": "freetype-win32",
        "type": "github"
      }
    },
    "freetype_src": {
      "flake": false,
      "locked": {
        "lastModified": 1687588007,
        "narHash": "sha256-e1WKuyGSJwgSSzdXqbuZdbosyxpMfr/Fw/LqVMTnZus=",
        "type": "tarball",
        "url": "https://download.savannah.gnu.org/releases/freetype/freetype-2.13.1.tar.gz"
      },
      "original": {
        "type": "tarball",
        "url": "https://download.savannah.gnu.org/releases/freetype/freetype-2.13.1.tar.gz"
      }
    },
    "geomcpp": {
      "inputs": {
        "nixpkgs": [
          "nixpkgs"
        ],
        "tinycmmc": [
          "tinycmmc"
        ]
      },
      "locked": {
        "lastModified": 1716729078,
        "narHash": "sha256-c5CIQTRS8qmlTdZ2D1hNnht3gD9snuQaqOWDiLAkE2g=",
        "owner": "grumbel",
        "repo": "geomcpp",
        "rev": "730b3d35bc4fcd5f68764239682d936bae192811",
        "type": "github"
      },
      "original": {
        "owner": "grumbel",
        "repo": "geomcpp",
        "type": "github"
      }
    },
    "glew-win32": {
      "inputs": {
        "glew_src": "glew_src",
        "nixpkgs": [
          "nixpkgs"
        ],
        "tinycmmc": [
          "tinycmmc"
        ]
      },
      "locked": {
        "lastModified": 1716729346,
        "narHash": "sha256-bO+mEfQT7V86Xi7m4xLpigWh4FxLSlbwBUnndn4Lb+o=",
        "owner": "grumnix",
        "repo": "glew-win32",
        "rev": "e2cc411d17dc1845eb25492e9bf408d5862ad19c",
        "type": "github"
      },
      "original": {
        "owner": "grumnix",
        "repo": "glew-win32",
        "type": "github"
      }
    },
    "glew_src": {
      "flake": false,
      "locked": {
        "lastModified": 1584277261,
        "narHash": "sha256-q91JXPURP4ZRGf0RjH78Yn0wV1MaL/JBTzJc8WSxWW8=",
        "type": "tarball",
        "url": "https://github.com/nigels-com/glew/releases/download/glew-2.2.0/glew-2.2.0-win32.zip"
      },
      "original": {
        "type": "tarball",
        "url": "https://github.com/nigels-com/glew/releases/download/glew-2.2.0/glew-2.2.0-win32.zip"
      }
    },
    "logmich": {
      "inputs": {
        "nixpkgs": [
          "nixpkgs"
        ],
        "tinycmmc": [
          "tinycmmc"
        ]
      },
      "locked": {
        "lastModified": 1716728859,
        "narHash": "sha256-RgyLWkRBOCvuCmyvfG0WSDH6PzTEuE36RKcIrgef7eA=",
        "owner": "logmich",
        "repo": "logmich",
        "rev": "0cc475efc10c6786d1d805c997fab1d7da60252a",
        "type": "github"
      },
      "original": {
        "owner": "logmich",
        "repo": "logmich",
        "type": "github"
      }
    },
    "nixpkgs": {
      "locked": {
        "lastModified": 1716542732,
        "narHash": "sha256-0Y9fRr0CUqWT4KgBITmaGwlnNIGMYuydu2L8iLTfHU4=",
        "owner": "NixOS",
        "repo": "nixpkgs",
        "rev": "d12251ef6e8e6a46e05689eeccd595bdbd3c9e60",
        "type": "github"
      },
      "original": {
        "owner": "NixOS",
        "ref": "nixos-24.05",
        "repo": "nixpkgs",
        "type": "github"
      }
    },
    "root": {
      "inputs": {
        "SDL2-win32": "SDL2-win32",
        "babyxml": "babyxml",
        "freetype-win32": "freetype-win32",
        "geomcpp": "geomcpp",
        "glew-win32": "glew-win32",
        "logmich": "logmich",
        "nixpkgs": "nixpkgs",
        "surfcpp": "surfcpp",
        "tinycmmc": "tinycmmc"
      }
    },
    "surfcpp": {
      "inputs": {
        "SDL2-win32": [
          "SDL2-win32"
        ],
        "geomcpp": [
          "geomcpp"
        ],
        "logmich": [
          "logmich"
        ],
        "nixpkgs": [
          "nixpkgs"
        ],
        "tinycmmc": [
          "tinycmmc"
        ]
      },
      "locked": {
        "lastModified": 1716735371,
        "narHash": "sha256-yO3JZb2V6fSqqMfHg73hde5oMhzeUdtf1QnggMjubpc=",
        "owner": "grumbel",
        "repo": "surfcpp",
        "rev": "1a86aa165282d4dfa59056d11545855a4d496975",
        "type": "github"
      },
      "original": {
        "owner": "grumbel",
        "repo": "surfcpp",
        "type": "github"
      }
    },
    "systems": {
      "locked": {
        "lastModified": 1681028828,
        "narHash": "sha256-Vy1rq5AaRuLzOxct8nz4T6wlgyUR7zLU309k9mBC768=",
        "owner": "nix-systems",
        "repo": "default",
        "rev": "da67096a3b9bf56a91d16901293e51ba5b49a27e",
        "type": "github"
      },
      "original": {
        "owner": "nix-systems",
        "repo": "default",
        "type": "github"
      }
    },
    "tinycmmc": {
      "inputs": {
        "flake-utils": "flake-utils",
        "nixpkgs": [
          "nixpkgs"
        ]
      },
      "locked": {
        "lastModified": 1701699760,
        "narHash": "sha256-L0vwqcTQFOiFfRY90nBgDuUsVOYS0+S8BfVxFvaFBNM=",
        "owner": "grumbel",
        "repo": "tinycmmc",
        "rev": "9a51e13802d930feb7261ba8876940659b258cb7",
        "type": "github"
      },
      "original": {
        "owner": "grumbel",
        "repo": "tinycmmc",
        "type": "github"
      }
    }
  },
  "root": "root",
  "version": 7
}
