{
  "nodes": {
    "SDL2-win32": {
      "inputs": {
        "SDL2_src": "SDL2_src",
        "nixpkgs": [
          "nixpkgs"
        ],
        "tinycmmc": [
          "tinycmmc"
        ]
      },
      "locked": {
        "lastModified": 1753127534,
        "narHash": "sha256-73UFk9wGZb0CQ2EpFaXRczHzUUlOzK/Ov2KP3ewk4qw=",
        "owner": "grumnix",
        "repo": "SDL2-win32",
        "rev": "278a40a7bff4c0b0bf4f5ad1c528308df4a1b0f9",
        "type": "github"
      },
      "original": {
        "owner": "grumnix",
        "repo": "SDL2-win32",
        "type": "github"
      }
    },
    "SDL2_src": {
      "flake": false,
      "locked": {
        "lastModified": 1748906407,
        "narHash": "sha256-aakdhaTL0dgt2BQEtv3w6pp1mwOrmNzEorh3lLxJgyo=",
        "type": "tarball",
        "url": "https://libsdl.org/release/SDL2-devel-2.32.8-mingw.tar.gz"
      },
      "original": {
        "type": "tarball",
        "url": "https://libsdl.org/release/SDL2-devel-2.32.8-mingw.tar.gz"
      }
    },
    "babyxml": {
      "inputs": {
        "nixpkgs": [
          "nixpkgs"
        ],
        "tinycmmc": [
          "tinycmmc"
        ]
      },
      "locked": {
        "lastModified": 1716728957,
        "narHash": "sha256-O1jH5VZ//92nW+HwtoXoen3PR2/QvMwLiOq8ex0Qnhw=",
        "owner": "grumbel",
        "repo": "babyxml",
        "rev": "8ab2b3f3a33c654097226e4c243e5f49b48e7e71",
        "type": "github"
      },
      "original": {
        "owner": "grumbel",
        "repo": "babyxml",
        "type": "github"
      }
    },
    "flake-utils": {
      "inputs": {
        "systems": "systems"
      },
      "locked": {
        "lastModified": 1731533236,
        "narHash": "sha256-l0KFg5HjrsfsO/JpG+r7fRrqm12kzFHyUHqHCVpMMbI=",
        "owner": "numtide",
        "repo": "flake-utils",
        "rev": "11707dc2f618dd54ca8739b309ec4fc024de578b",
        "type": "github"
      },
      "original": {
        "owner": "numtide",
        "repo": "flake-utils",
        "type": "github"
      }
    },
    "freetype-win32": {
      "inputs": {
        "freetype_src": "freetype_src",
        "nixpkgs": [
          "nixpkgs"
        ],
        "tinycmmc": [
          "tinycmmc"
        ]
      },
      "locked": {
        "lastModified": 1716729375,
        "narHash": "sha256-4H2Y+DuT9OMePK6JBi9Y7L+tnhXuUfvIIJlR+zcAjXI=",
        "owner": "grumnix",
        "repo": "freetype-win32",
        "rev": "874cb3559c6463e96e18c3a22ae9491df45a8327",
        "type": "github"
      },
      "original": {
        "owner": "grumnix",
        "repo": "freetype-win32",
        "type": "github"
      }
    },
    "freetype_src": {
      "flake": false,
      "locked": {
        "lastModified": 1687588007,
        "narHash": "sha256-e1WKuyGSJwgSSzdXqbuZdbosyxpMfr/Fw/LqVMTnZus=",
        "type": "tarball",
        "url": "https://download.savannah.gnu.org/releases/freetype/freetype-2.13.1.tar.gz"
      },
      "original": {
        "type": "tarball",
        "url": "https://download.savannah.gnu.org/releases/freetype/freetype-2.13.1.tar.gz"
      }
    },
    "geomcpp": {
      "inputs": {
        "nixpkgs": [
          "nixpkgs"
        ],
        "tinycmmc": [
          "tinycmmc"
        ]
      },
      "locked": {
        "lastModified": 1749679405,
        "narHash": "sha256-M4a6P6J/PBDklpOiR81Nah0STlXFI48+mQkNqMBicKQ=",
        "owner": "grumbel",
        "repo": "geomcpp",
        "rev": "282e3710fbe6dacee630391e4af8ffe03181f8a9",
        "type": "github"
      },
      "original": {
        "owner": "grumbel",
        "repo": "geomcpp",
        "type": "github"
      }
    },
    "glew-win32": {
      "inputs": {
        "glew_src": "glew_src",
        "nixpkgs": [
          "nixpkgs"
        ],
        "tinycmmc": [
          "tinycmmc"
        ]
      },
      "locked": {
        "lastModified": 1716729346,
        "narHash": "sha256-bO+mEfQT7V86Xi7m4xLpigWh4FxLSlbwBUnndn4Lb+o=",
        "owner": "grumnix",
        "repo": "glew-win32",
        "rev": "e2cc411d17dc1845eb25492e9bf408d5862ad19c",
        "type": "github"
      },
      "original": {
        "owner": "grumnix",
        "repo": "glew-win32",
        "type": "github"
      }
    },
    "glew_src": {
      "flake": false,
      "locked": {
        "lastModified": 1584277261,
        "narHash": "sha256-q91JXPURP4ZRGf0RjH78Yn0wV1MaL/JBTzJc8WSxWW8=",
        "type": "tarball",
        "url": "https://github.com/nigels-com/glew/releases/download/glew-2.2.0/glew-2.2.0-win32.zip"
      },
      "original": {
        "type": "tarball",
        "url": "https://github.com/nigels-com/glew/releases/download/glew-2.2.0/glew-2.2.0-win32.zip"
      }
    },
    "logmich": {
      "inputs": {
        "nixpkgs": [
          "nixpkgs"
        ],
        "tinycmmc": [
          "tinycmmc"
        ]
      },
      "locked": {
        "lastModified": 1753120025,
        "narHash": "sha256-e8k/ZzPAfLgNF30wmXHDX5ovK/msTH6sgzxWKzZhtOY=",
        "owner": "logmich",
        "repo": "logmich",
        "rev": "c73c7b7d6cd050d1bcc42d522ce80a2eb86da5c8",
        "type": "github"
      },
      "original": {
        "owner": "logmich",
        "repo": "logmich",
        "type": "github"
      }
    },
    "nixpkgs": {
      "locked": {
        "lastModified": 1762977756,
        "narHash": "sha256-4PqRErxfe+2toFJFgcRKZ0UI9NSIOJa+7RXVtBhy4KE=",
        "owner": "NixOS",
        "repo": "nixpkgs",
        "rev": "c5ae371f1a6a7fd27823bc500d9390b38c05fa55",
        "type": "github"
      },
      "original": {
        "owner": "NixOS",
        "ref": "nixos-unstable",
        "repo": "nixpkgs",
        "type": "github"
      }
    },
    "root": {
      "inputs": {
        "SDL2-win32": "SDL2-win32",
        "babyxml": "babyxml",
        "freetype-win32": "freetype-win32",
        "geomcpp": "geomcpp",
        "glew-win32": "glew-win32",
        "logmich": "logmich",
        "nixpkgs": "nixpkgs",
        "surfcpp": "surfcpp",
        "tinycmmc": "tinycmmc"
      }
    },
    "surfcpp": {
      "inputs": {
        "SDL2-win32": [
          "SDL2-win32"
        ],
        "geomcpp": [
          "geomcpp"
        ],
        "logmich": [
          "logmich"
        ],
        "nixpkgs": [
          "nixpkgs"
        ],
        "tinycmmc": [
          "tinycmmc"
        ]
      },
      "locked": {
        "lastModified": 1763256318,
        "narHash": "sha256-bW5ojCt2hzetX/03P9hMOGd89y+bMS/RUTHqtCpOgFM=",
        "owner": "grumbel",
        "repo": "surfcpp",
        "rev": "6bfec4f813dfd3923bf9950edaa79b44a63ac9ea",
        "type": "github"
      },
      "original": {
        "owner": "grumbel",
        "repo": "surfcpp",
        "type": "github"
      }
    },
    "systems": {
      "locked": {
        "lastModified": 1681028828,
        "narHash": "sha256-Vy1rq5AaRuLzOxct8nz4T6wlgyUR7zLU309k9mBC768=",
        "owner": "nix-systems",
        "repo": "default",
        "rev": "da67096a3b9bf56a91d16901293e51ba5b49a27e",
        "type": "github"
      },
      "original": {
        "owner": "nix-systems",
        "repo": "default",
        "type": "github"
      }
    },
    "tinycmmc": {
      "inputs": {
        "flake-utils": "flake-utils",
        "nixpkgs": [
          "nixpkgs"
        ]
      },
      "locked": {
        "lastModified": 1763256011,
        "narHash": "sha256-CpQWAHdeLUYd28cT9heG05p6RX9WF7QslqNHoBi931E=",
        "owner": "grumbel",
        "repo": "tinycmmc",
        "rev": "2e007ba059a4991c011a7193c9d7df28826c9adc",
        "type": "github"
      },
      "original": {
        "owner": "grumbel",
        "repo": "tinycmmc",
        "type": "github"
      }
    }
  },
  "root": "root",
  "version": 7
}
